PODS:
  - Flutter (1.0.0)
  - path_provider (0.0.1):
    - Flutter
  - razorpay-pod (1.1.4)
  - razorpay_flutter (1.1.1):
    - Flutter
    - razorpay-pod (~> 1.1.4)

DEPENDENCIES:
  - Flutter (from `Flutter`)
  - path_provider (from `.symlinks/plugins/path_provider/ios`)
  - razorpay_flutter (from `.symlinks/plugins/razorpay_flutter/ios`)

SPEC REPOS:
  https://github.com/CocoaPods/Specs.git:
    - razorpay-pod

EXTERNAL SOURCES:
  Flutter:
    :path: Flutter
  path_provider:
    :path: ".symlinks/plugins/path_provider/ios"
  razorpay_flutter:
    :path: ".symlinks/plugins/razorpay_flutter/ios"

SPEC CHECKSUMS:
  Flutter: 0e3d915762c693b495b44d77113d4970485de6ec
  path_provider: f96fff6166a8867510d2c25fdcc346327cc4b259
  razorpay-pod: 592624080178be4c6121216508e7857fc245f4b8
  razorpay_flutter: 2af1a15499076b1798d81bc35e4837d467b2daac

PODFILE CHECKSUM: 1de887d8166a06b8b7b818c43fc176236b5ec882

COCOAPODS: 1.8.4
