PODS:
  - Flutter (1.0.0)
  - image_picker_modern (0.0.1):
    - Flutter

DEPENDENCIES:
  - Flutter (from `.symlinks/flutter/ios`)
  - image_picker_modern (from `.symlinks/plugins/image_picker_modern/ios`)

EXTERNAL SOURCES:
  Flutter:
    :path: ".symlinks/flutter/ios"
  image_picker_modern:
    :path: ".symlinks/plugins/image_picker_modern/ios"

SPEC CHECKSUMS:
  Flutter: 58dd7d1b27887414a370fcccb9e645c08ffd7a6a
  image_picker_modern: 40bc7d164e23451a0417e302e514746a2b81c269

PODFILE CHECKSUM: ebd43b443038e611b86ede96e613bd6033c49497

COCOAPODS: 1.6.1
